
Microsoft Visual Studio Solution File, Format Version 12.00
# Visual Studio 2013
VisualStudioVersion = 12.0.31101.0
MinimumVisualStudioVersion = 10.0.40219.1
Project("{FAE04EC0-301F-11D3-BF4B-00C04F79EFBC}") = "PropsLib", "PropsLib\PropsLib.csproj", "{A31D92B9-432B-410C-AE12-81DB9EEE5AFE}"
EndProject
Project("{FAE04EC0-301F-11D3-BF4B-00C04F79EFBC}") = "PropsLib.tests", "PropsLib.tests\PropsLib.tests.csproj", "{D8EC091E-8AD0-4FA7-BD41-9B9A78BC2DC9}"
EndProject
Global
	GlobalSection(SolutionConfigurationPlatforms) = preSolution
		Debug|Any CPU = Debug|Any CPU
		Release|Any CPU = Release|Any CPU
	EndGlobalSection
	GlobalSection(ProjectConfigurationPlatforms) = postSolution
		{A31D92B9-432B-410C-AE12-81DB9EEE5AFE}.Debug|Any CPU.ActiveCfg = Debug|Any CPU
		{A31D92B9-432B-410C-AE12-81DB9EEE5AFE}.Debug|Any CPU.Build.0 = Debug|Any CPU
		{A31D92B9-432B-410C-AE12-81DB9EEE5AFE}.Release|Any CPU.ActiveCfg = Release|Any CPU
		{A31D92B9-432B-410C-AE12-81DB9EEE5AFE}.Release|Any CPU.Build.0 = Release|Any CPU
		{D8EC091E-8AD0-4FA7-BD41-9B9A78BC2DC9}.Debug|Any CPU.ActiveCfg = Debug|Any CPU
		{D8EC091E-8AD0-4FA7-BD41-9B9A78BC2DC9}.Debug|Any CPU.Build.0 = Debug|Any CPU
		{D8EC091E-8AD0-4FA7-BD41-9B9A78BC2DC9}.Release|Any CPU.ActiveCfg = Release|Any CPU
		{D8EC091E-8AD0-4FA7-BD41-9B9A78BC2DC9}.Release|Any CPU.Build.0 = Release|Any CPU
	EndGlobalSection
	GlobalSection(SolutionProperties) = preSolution
		HideSolutionNode = FALSE
	EndGlobalSection
EndGlobal
